# Resolved upstream commits. Written by bin/design-skills-sync; do not hand-edit.
# repo	ref	sha
codeswithroh/tastemaker	main	45313ce9f60971134704a17f7b1a64c30909c240
ConardLi/garden-skills	main	aaf9a82f5efd73e87cc0998edc398e75bfc35901
elayadesign/ai-design-skills	main	1c1e97cb9878e236552c772092dda7adcdddbcb2
emilkowalski/skills	main	d23d7f88a2e21c9e4b1418c7abe420f5c1052ba7
jakubkrehel/skills	main	ca483852de23d48ab4f4ea71da37dad12bd70a95
MengTo/Skills	main	4c716b516b6b0143f3037631306b3730d2832344
Owl-Listener/designer-skills	main	20e34c4a587e5eb09fcdf8351fa97b3ad761b31e
